// !$*UTF8*$!
{
	archiveVersion = 1;
	classes = {
	};
	objectVersion = 46;
	objects = {

/* Begin PBXBuildFile section */
		88BE20A6641D3A69433343EE /* StringResponseCallback.m in Sources */ = {isa = PBXBuildFile; fileRef = 88BE28014C10C0949EBEC4BB /* StringResponseCallback.m */; };
		88BE20C9291CAC47A1E29F5D /* Utils.m in Sources */ = {isa = PBXBuildFile; fileRef = 88BE2570A7162CDA936777BA /* Utils.m */; };
		88BE20D90F89879F4E802B35 /* Response.m in Sources */ = {isa = PBXBuildFile; fileRef = 88BE2CE794DDD6DA6FE8A3AF /* Response.m */; };
		88BE23EB9542CC720C18FA35 /* BearerAuthRequestInitializer.m in Sources */ = {isa = PBXBuildFile; fileRef = 88BE202F54867A3A6EA8C8B4 /* BearerAuthRequestInitializer.m */; };
		88BE2407B9E961B9580BEC53 /* JsonBodyBuilder.m in Sources */ = {isa = PBXBuildFile; fileRef = 88BE2C0222F0B559D846D6F5 /* JsonBodyBuilder.m */; };
		88BE254B63B0DC972B3774DA /* CallbackChain.m in Sources */ = {isa = PBXBuildFile; fileRef = 88BE2BD9E616664C7927DD43 /* CallbackChain.m */; };
		88BE257B531727A496512D34 /* Request.m in Sources */ = {isa = PBXBuildFile; fileRef = 88BE2E9BC9980B6027118AEE /* Request.m */; };
		88BE25A7645C383FFBCBB59A /* JsonResponseCallback.m in Sources */ = {isa = PBXBuildFile; fileRef = 88BE2235CD7D878D8B54B944 /* JsonResponseCallback.m */; };
		88BE2773596CEF2D9DE83BE6 /* NSMutableArray+Queue.m in Sources */ = {isa = PBXBuildFile; fileRef = 88BE21CDFD1B14E7C959D86E /* NSMutableArray+Queue.m */; };
		88BE28BD032086139F6CD21E /* NSArray+Reduce.m in Sources */ = {isa = PBXBuildFile; fileRef = 88BE2555BE625DAB54D0F629 /* NSArray+Reduce.m */; };
		88BE2A7AFECF1F9119AAE161 /* ParamBuilder.m in Sources */ = {isa = PBXBuildFile; fileRef = 88BE2C86507AED1B203C636D /* ParamBuilder.m */; };
		88BE2C1A050F9012FAEF64A4 /* Resource.m in Sources */ = {isa = PBXBuildFile; fileRef = 88BE2A0CE51E99072286530F /* Resource.m */; };
		88BE2CC385F85636C2CD6D2B /* BufferingResponseCallback.m in Sources */ = {isa = PBXBuildFile; fileRef = 88BE221DCEF1D6A26D390F6B /* BufferingResponseCallback.m */; };
		88BE2D154511A7F91816E9A5 /* Base64.m in Sources */ = {isa = PBXBuildFile; fileRef = 88BE272A86649414F7628B0F /* Base64.m */; };
		88BE2D6B4F81C3BF6C71CA9E /* BasicAuthRequestInitializer.m in Sources */ = {isa = PBXBuildFile; fileRef = 88BE216B55206C26415095D9 /* BasicAuthRequestInitializer.m */; };
		88BE2EB1060CF825F3FA6C8E /* Foundation.framework in Frameworks */ = {isa = PBXBuildFile; fileRef = 88BE2E90AEDB4C45929C697C /* Foundation.framework */; };
/* End PBXBuildFile section */

/* Begin PBXCopyFilesBuildPhase section */
		88BE2AA4FDC5532C027C0E8B /* CopyFiles */ = {
			isa = PBXCopyFilesBuildPhase;
			buildActionMask = 2147483647;
			dstPath = "include/$(PRODUCT_NAME)";
			dstSubfolderSpec = 16;
			files = (
			);
			runOnlyForDeploymentPostprocessing = 0;
		};
/* End PBXCopyFilesBuildPhase section */

/* Begin PBXFileReference section */
		88BE202F54867A3A6EA8C8B4 /* BearerAuthRequestInitializer.m */ = {isa = PBXFileReference; fileEncoding = 4; lastKnownFileType = sourcecode.c.objc; path = BearerAuthRequestInitializer.m; sourceTree = "<group>"; };
		88BE20B55CF41597533C84D8 /* README.md */ = {isa = PBXFileReference; lastKnownFileType = file.md; path = README.md; sourceTree = "<group>"; };
		88BE20B82A49F434597C82D4 /* Rakefile */ = {isa = PBXFileReference; fileEncoding = 4; lastKnownFileType = text; path = Rakefile; sourceTree = "<group>"; };
		88BE20DC84B6D4F8F024D77A /* libDMRequest.a */ = {isa = PBXFileReference; explicitFileType = archive.ar; includeInIndex = 0; path = libDMRequest.a; sourceTree = BUILT_PRODUCTS_DIR; };
		88BE2112737BE37C11CE3C7C /* DMRequest.podspec */ = {isa = PBXFileReference; lastKnownFileType = file.podspec; path = DMRequest.podspec; sourceTree = "<group>"; };
		88BE216B55206C26415095D9 /* BasicAuthRequestInitializer.m */ = {isa = PBXFileReference; fileEncoding = 4; lastKnownFileType = sourcecode.c.objc; path = BasicAuthRequestInitializer.m; sourceTree = "<group>"; };
		88BE21CDFD1B14E7C959D86E /* NSMutableArray+Queue.m */ = {isa = PBXFileReference; fileEncoding = 4; lastKnownFileType = sourcecode.c.objc; path = "NSMutableArray+Queue.m"; sourceTree = "<group>"; };
		88BE221DCEF1D6A26D390F6B /* BufferingResponseCallback.m */ = {isa = PBXFileReference; fileEncoding = 4; lastKnownFileType = sourcecode.c.objc; path = BufferingResponseCallback.m; sourceTree = "<group>"; };
		88BE2235CD7D878D8B54B944 /* JsonResponseCallback.m */ = {isa = PBXFileReference; fileEncoding = 4; lastKnownFileType = sourcecode.c.objc; path = JsonResponseCallback.m; sourceTree = "<group>"; };
		88BE228826F1526DE452B6F2 /* XCTest.framework */ = {isa = PBXFileReference; lastKnownFileType = wrapper.framework; name = XCTest.framework; path = Library/Frameworks/XCTest.framework; sourceTree = DEVELOPER_DIR; };
		88BE239E7AA19B288184CA93 /* BasicAuthRequestInitializer.h */ = {isa = PBXFileReference; fileEncoding = 4; lastKnownFileType = sourcecode.c.h; path = BasicAuthRequestInitializer.h; sourceTree = "<group>"; };
		88BE23E9E62AD7F9DB87715C /* UIKit.framework */ = {isa = PBXFileReference; lastKnownFileType = wrapper.framework; name = UIKit.framework; path = System/Library/Frameworks/UIKit.framework; sourceTree = SDKROOT; };
		88BE24680766BA2879BA1D6F /* Request.h */ = {isa = PBXFileReference; fileEncoding = 4; lastKnownFileType = sourcecode.c.h; path = Request.h; sourceTree = "<group>"; };
		88BE246D29ADD3E6A5EA1656 /* Resource.h */ = {isa = PBXFileReference; fileEncoding = 4; lastKnownFileType = sourcecode.c.h; path = Resource.h; sourceTree = "<group>"; };
		88BE24EA6899A9D905CE9C85 /* DMRequest-Prefix.pch */ = {isa = PBXFileReference; fileEncoding = 4; lastKnownFileType = sourcecode.c.h; path = "DMRequest-Prefix.pch"; sourceTree = "<group>"; };
		88BE2555BE625DAB54D0F629 /* NSArray+Reduce.m */ = {isa = PBXFileReference; fileEncoding = 4; lastKnownFileType = sourcecode.c.objc; path = "NSArray+Reduce.m"; sourceTree = "<group>"; };
		88BE2570A7162CDA936777BA /* Utils.m */ = {isa = PBXFileReference; fileEncoding = 4; lastKnownFileType = sourcecode.c.objc; path = Utils.m; sourceTree = "<group>"; };
		88BE2604F30765638615ADF5 /* BearerAuthRequestInitializer.h */ = {isa = PBXFileReference; fileEncoding = 4; lastKnownFileType = sourcecode.c.h; path = BearerAuthRequestInitializer.h; sourceTree = "<group>"; };
		88BE267C41E94D6C5F6861D0 /* NSMutableArray+Queue.h */ = {isa = PBXFileReference; fileEncoding = 4; lastKnownFileType = sourcecode.c.h; path = "NSMutableArray+Queue.h"; sourceTree = "<group>"; };
		88BE272A86649414F7628B0F /* Base64.m */ = {isa = PBXFileReference; fileEncoding = 4; lastKnownFileType = sourcecode.c.objc; path = Base64.m; sourceTree = "<group>"; };
		88BE274270855C116B3C7E53 /* Base64.h */ = {isa = PBXFileReference; fileEncoding = 4; lastKnownFileType = sourcecode.c.h; path = Base64.h; sourceTree = "<group>"; };
		88BE27D118CB781CD9704D2D /* StringResponseCallback.h */ = {isa = PBXFileReference; fileEncoding = 4; lastKnownFileType = sourcecode.c.h; path = StringResponseCallback.h; sourceTree = "<group>"; };
		88BE27E5CAE6E12F2EFD16E6 /* Response.h */ = {isa = PBXFileReference; fileEncoding = 4; lastKnownFileType = sourcecode.c.h; path = Response.h; sourceTree = "<group>"; };
		88BE28014C10C0949EBEC4BB /* StringResponseCallback.m */ = {isa = PBXFileReference; fileEncoding = 4; lastKnownFileType = sourcecode.c.objc; path = StringResponseCallback.m; sourceTree = "<group>"; };
		88BE2A0CE51E99072286530F /* Resource.m */ = {isa = PBXFileReference; fileEncoding = 4; lastKnownFileType = sourcecode.c.objc; path = Resource.m; sourceTree = "<group>"; };
		88BE2A927D3999B7B643CB00 /* JsonBodyBuilder.h */ = {isa = PBXFileReference; fileEncoding = 4; lastKnownFileType = sourcecode.c.h; path = JsonBodyBuilder.h; sourceTree = "<group>"; };
		88BE2B1FAE95B89D5399087D /* CallbackChain.h */ = {isa = PBXFileReference; fileEncoding = 4; lastKnownFileType = sourcecode.c.h; path = CallbackChain.h; sourceTree = "<group>"; };
		88BE2B590A0F7CFC97520752 /* Utils.h */ = {isa = PBXFileReference; fileEncoding = 4; lastKnownFileType = sourcecode.c.h; path = Utils.h; sourceTree = "<group>"; };
		88BE2BBD3E357153FB03B164 /* CHANGELOG.md */ = {isa = PBXFileReference; lastKnownFileType = file.md; path = CHANGELOG.md; sourceTree = "<group>"; };
		88BE2BD9E616664C7927DD43 /* CallbackChain.m */ = {isa = PBXFileReference; fileEncoding = 4; lastKnownFileType = sourcecode.c.objc; path = CallbackChain.m; sourceTree = "<group>"; };
		88BE2BEEBB109B32755F289E /* NSArray+Reduce.h */ = {isa = PBXFileReference; fileEncoding = 4; lastKnownFileType = sourcecode.c.h; path = "NSArray+Reduce.h"; sourceTree = "<group>"; };
		88BE2C01E1307F08395AB5EA /* BufferingResponseCallback.h */ = {isa = PBXFileReference; fileEncoding = 4; lastKnownFileType = sourcecode.c.h; path = BufferingResponseCallback.h; sourceTree = "<group>"; };
		88BE2C0222F0B559D846D6F5 /* JsonBodyBuilder.m */ = {isa = PBXFileReference; fileEncoding = 4; lastKnownFileType = sourcecode.c.objc; path = JsonBodyBuilder.m; sourceTree = "<group>"; };
		88BE2C86507AED1B203C636D /* ParamBuilder.m */ = {isa = PBXFileReference; fileEncoding = 4; lastKnownFileType = sourcecode.c.objc; path = ParamBuilder.m; sourceTree = "<group>"; };
		88BE2CE794DDD6DA6FE8A3AF /* Response.m */ = {isa = PBXFileReference; fileEncoding = 4; lastKnownFileType = sourcecode.c.objc; path = Response.m; sourceTree = "<group>"; };
		88BE2CEFBEC2201B3623848C /* LICENSE */ = {isa = PBXFileReference; fileEncoding = 4; lastKnownFileType = text; path = LICENSE; sourceTree = "<group>"; };
		88BE2D70CFC75732E8099D3A /* ParamBuilder.h */ = {isa = PBXFileReference; fileEncoding = 4; lastKnownFileType = sourcecode.c.h; path = ParamBuilder.h; sourceTree = "<group>"; };
		88BE2D9A3D9CE7C00704DC89 /* JsonResponseCallback.h */ = {isa = PBXFileReference; fileEncoding = 4; lastKnownFileType = sourcecode.c.h; path = JsonResponseCallback.h; sourceTree = "<group>"; };
		88BE2E90AEDB4C45929C697C /* Foundation.framework */ = {isa = PBXFileReference; lastKnownFileType = wrapper.framework; name = Foundation.framework; path = System/Library/Frameworks/Foundation.framework; sourceTree = SDKROOT; };
		88BE2E9BC9980B6027118AEE /* Request.m */ = {isa = PBXFileReference; fileEncoding = 4; lastKnownFileType = sourcecode.c.objc; path = Request.m; sourceTree = "<group>"; };
		88BE2EA65931886176D8E30F /* HttpCommon.h */ = {isa = PBXFileReference; fileEncoding = 4; lastKnownFileType = sourcecode.c.h; path = HttpCommon.h; sourceTree = "<group>"; };
/* End PBXFileReference section */

/* Begin PBXFrameworksBuildPhase section */
		88BE24E82E30F7984EF0A280 /* Frameworks */ = {
			isa = PBXFrameworksBuildPhase;
			buildActionMask = 2147483647;
			files = (
				88BE2EB1060CF825F3FA6C8E /* Foundation.framework in Frameworks */,
			);
			runOnlyForDeploymentPostprocessing = 0;
		};
/* End PBXFrameworksBuildPhase section */

/* Begin PBXGroup section */
		88BE2291F9B1E161C5F2F8EA /* chain */ = {
			isa = PBXGroup;
			children = (
				88BE246D29ADD3E6A5EA1656 /* Resource.h */,
				88BE2A0CE51E99072286530F /* Resource.m */,
				88BE2B1FAE95B89D5399087D /* CallbackChain.h */,
				88BE2BD9E616664C7927DD43 /* CallbackChain.m */,
			);
			path = chain;
			sourceTree = "<group>";
		};
		88BE251C561CA0B1EA7727FD = {
			isa = PBXGroup;
			children = (
				88BE2ACFBD4CE9DC78A58A61 /* Products */,
				88BE28278B1AB59FC35B7C57 /* Frameworks */,
				88BE2BBD3E357153FB03B164 /* CHANGELOG.md */,
				88BE280EAC550A5A0EF67429 /* Classes */,
				88BE24EA6899A9D905CE9C85 /* DMRequest-Prefix.pch */,
				88BE2112737BE37C11CE3C7C /* DMRequest.podspec */,
				88BE2CEFBEC2201B3623848C /* LICENSE */,
				88BE20B82A49F434597C82D4 /* Rakefile */,
				88BE20B55CF41597533C84D8 /* README.md */,
			);
			sourceTree = "<group>";
		};
		88BE2598F39F243B627D6049 /* callbacks */ = {
			isa = PBXGroup;
			children = (
				88BE2D9A3D9CE7C00704DC89 /* JsonResponseCallback.h */,
				88BE2235CD7D878D8B54B944 /* JsonResponseCallback.m */,
				88BE27D118CB781CD9704D2D /* StringResponseCallback.h */,
				88BE28014C10C0949EBEC4BB /* StringResponseCallback.m */,
				88BE2C01E1307F08395AB5EA /* BufferingResponseCallback.h */,
				88BE221DCEF1D6A26D390F6B /* BufferingResponseCallback.m */,
				88BE239E7AA19B288184CA93 /* BasicAuthRequestInitializer.h */,
				88BE216B55206C26415095D9 /* BasicAuthRequestInitializer.m */,
				88BE2604F30765638615ADF5 /* BearerAuthRequestInitializer.h */,
				88BE202F54867A3A6EA8C8B4 /* BearerAuthRequestInitializer.m */,
			);
			path = callbacks;
			sourceTree = "<group>";
		};
		88BE280EAC550A5A0EF67429 /* Classes */ = {
			isa = PBXGroup;
			children = (
				88BE2C956952B8A4A0F4363D /* body */,
				88BE2D8429E01D5186549402 /* util */,
				88BE2291F9B1E161C5F2F8EA /* chain */,
				88BE2598F39F243B627D6049 /* callbacks */,
				88BE24680766BA2879BA1D6F /* Request.h */,
				88BE2E9BC9980B6027118AEE /* Request.m */,
				88BE27E5CAE6E12F2EFD16E6 /* Response.h */,
				88BE2CE794DDD6DA6FE8A3AF /* Response.m */,
				88BE2EA65931886176D8E30F /* HttpCommon.h */,
				88BE2D70CFC75732E8099D3A /* ParamBuilder.h */,
				88BE2C86507AED1B203C636D /* ParamBuilder.m */,
			);
			path = Classes;
			sourceTree = "<group>";
		};
		88BE28278B1AB59FC35B7C57 /* Frameworks */ = {
			isa = PBXGroup;
			children = (
				88BE2E90AEDB4C45929C697C /* Foundation.framework */,
				88BE228826F1526DE452B6F2 /* XCTest.framework */,
				88BE23E9E62AD7F9DB87715C /* UIKit.framework */,
			);
			name = Frameworks;
			sourceTree = "<group>";
		};
		88BE2ACFBD4CE9DC78A58A61 /* Products */ = {
			isa = PBXGroup;
			children = (
				88BE20DC84B6D4F8F024D77A /* libDMRequest.a */,
			);
			name = Products;
			sourceTree = "<group>";
		};
		88BE2C956952B8A4A0F4363D /* body */ = {
			isa = PBXGroup;
			children = (
				88BE2A927D3999B7B643CB00 /* JsonBodyBuilder.h */,
				88BE2C0222F0B559D846D6F5 /* JsonBodyBuilder.m */,
			);
			path = body;
			sourceTree = "<group>";
		};
		88BE2D8429E01D5186549402 /* util */ = {
			isa = PBXGroup;
			children = (
				88BE2B590A0F7CFC97520752 /* Utils.h */,
				88BE2570A7162CDA936777BA /* Utils.m */,
				88BE274270855C116B3C7E53 /* Base64.h */,
				88BE272A86649414F7628B0F /* Base64.m */,
				88BE2BEEBB109B32755F289E /* NSArray+Reduce.h */,
				88BE2555BE625DAB54D0F629 /* NSArray+Reduce.m */,
				88BE267C41E94D6C5F6861D0 /* NSMutableArray+Queue.h */,
				88BE21CDFD1B14E7C959D86E /* NSMutableArray+Queue.m */,
			);
			path = util;
			sourceTree = "<group>";
		};
/* End PBXGroup section */

/* Begin PBXNativeTarget section */
		88BE2676541BEE1C08307669 /* DMRequest */ = {
			isa = PBXNativeTarget;
			buildConfigurationList = 88BE29AB85D5B3CB58D9684E /* Build configuration list for PBXNativeTarget "DMRequest" */;
			buildPhases = (
				88BE21E4BFF42B3A30A61056 /* Sources */,
				88BE24E82E30F7984EF0A280 /* Frameworks */,
				88BE2AA4FDC5532C027C0E8B /* CopyFiles */,
			);
			buildRules = (
			);
			dependencies = (
			);
			name = DMRequest;
			productName = DMRequest;
			productReference = 88BE20DC84B6D4F8F024D77A /* libDMRequest.a */;
			productType = "com.apple.product-type.library.static";
		};
/* End PBXNativeTarget section */

/* Begin PBXProject section */
		88BE2A44B32CE1A70493035E /* Project object */ = {
			isa = PBXProject;
			attributes = {
				ORGANIZATIONNAME = "DevMode, Inc.";
			};
			buildConfigurationList = 88BE27E42159A6E60099EE59 /* Build configuration list for PBXProject "dm-request" */;
			compatibilityVersion = "Xcode 3.2";
			developmentRegion = English;
			hasScannedForEncodings = 0;
			knownRegions = (
				en,
			);
			mainGroup = 88BE251C561CA0B1EA7727FD;
			productRefGroup = 88BE2ACFBD4CE9DC78A58A61 /* Products */;
			projectDirPath = "";
			projectRoot = "";
			targets = (
				88BE2676541BEE1C08307669 /* DMRequest */,
			);
		};
/* End PBXProject section */

/* Begin PBXSourcesBuildPhase section */
		88BE21E4BFF42B3A30A61056 /* Sources */ = {
			isa = PBXSourcesBuildPhase;
			buildActionMask = 2147483647;
			files = (
				88BE2407B9E961B9580BEC53 /* JsonBodyBuilder.m in Sources */,
				88BE20C9291CAC47A1E29F5D /* Utils.m in Sources */,
				88BE2D154511A7F91816E9A5 /* Base64.m in Sources */,
				88BE28BD032086139F6CD21E /* NSArray+Reduce.m in Sources */,
				88BE2773596CEF2D9DE83BE6 /* NSMutableArray+Queue.m in Sources */,
				88BE2C1A050F9012FAEF64A4 /* Resource.m in Sources */,
				88BE254B63B0DC972B3774DA /* CallbackChain.m in Sources */,
				88BE25A7645C383FFBCBB59A /* JsonResponseCallback.m in Sources */,
				88BE20A6641D3A69433343EE /* StringResponseCallback.m in Sources */,
				88BE2CC385F85636C2CD6D2B /* BufferingResponseCallback.m in Sources */,
				88BE2D6B4F81C3BF6C71CA9E /* BasicAuthRequestInitializer.m in Sources */,
				88BE23EB9542CC720C18FA35 /* BearerAuthRequestInitializer.m in Sources */,
				88BE257B531727A496512D34 /* Request.m in Sources */,
				88BE20D90F89879F4E802B35 /* Response.m in Sources */,
				88BE2A7AFECF1F9119AAE161 /* ParamBuilder.m in Sources */,
			);
			runOnlyForDeploymentPostprocessing = 0;
		};
/* End PBXSourcesBuildPhase section */

/* Begin XCBuildConfiguration section */
		88BE22222625F5FC35FFE5BC /* Debug */ = {
			isa = XCBuildConfiguration;
			buildSettings = {
				DSTROOT = /tmp/DMRequest.dst;
				GCC_PRECOMPILE_PREFIX_HEADER = YES;
				GCC_PREFIX_HEADER = "DMRequest-Prefix.pch";
				OTHER_LDFLAGS = "-ObjC";
				PRODUCT_NAME = "$(TARGET_NAME)";
				SKIP_INSTALL = YES;
			};
			name = Debug;
		};
		88BE2BCB56DAE741EE42D55B /* Release */ = {
			isa = XCBuildConfiguration;
			buildSettings = {
				DSTROOT = /tmp/DMRequest.dst;
				GCC_PRECOMPILE_PREFIX_HEADER = YES;
				GCC_PREFIX_HEADER = "DMRequest-Prefix.pch";
				OTHER_LDFLAGS = "-ObjC";
				PRODUCT_NAME = "$(TARGET_NAME)";
				SKIP_INSTALL = YES;
			};
			name = Release;
		};
		88BE2C1DEB83C656864F59E5 /* Debug */ = {
			isa = XCBuildConfiguration;
			buildSettings = {
				ALWAYS_SEARCH_USER_PATHS = NO;
				CLANG_CXX_LANGUAGE_STANDARD = "gnu++0x";
				CLANG_CXX_LIBRARY = "libc++";
				CLANG_ENABLE_MODULES = YES;
				CLANG_ENABLE_OBJC_ARC = YES;
				CLANG_WARN_BOOL_CONVERSION = YES;
				CLANG_WARN_CONSTANT_CONVERSION = YES;
				CLANG_WARN_DIRECT_OBJC_ISA_USAGE = YES_ERROR;
				CLANG_WARN_EMPTY_BODY = YES;
				CLANG_WARN_ENUM_CONVERSION = YES;
				CLANG_WARN_INT_CONVERSION = YES;
				CLANG_WARN_OBJC_ROOT_CLASS = YES_ERROR;
				CLANG_WARN__DUPLICATE_METHOD_MATCH = YES;
				COPY_PHASE_STRIP = NO;
				GCC_C_LANGUAGE_STANDARD = gnu99;
				GCC_DYNAMIC_NO_PIC = NO;
				GCC_OPTIMIZATION_LEVEL = 0;
				GCC_PREPROCESSOR_DEFINITIONS = (
					"DEBUG=1",
					"$(inherited)",
				);
				GCC_SYMBOLS_PRIVATE_EXTERN = NO;
				GCC_WARN_64_TO_32_BIT_CONVERSION = YES;
				GCC_WARN_ABOUT_RETURN_TYPE = YES_ERROR;
				GCC_WARN_UNDECLARED_SELECTOR = YES;
				GCC_WARN_UNINITIALIZED_AUTOS = YES_AGGRESSIVE;
				GCC_WARN_UNUSED_FUNCTION = YES;
				GCC_WARN_UNUSED_VARIABLE = YES;
				IPHONEOS_DEPLOYMENT_TARGET = 7.1;
				ONLY_ACTIVE_ARCH = YES;
				SDKROOT = iphoneos;
			};
			name = Debug;
		};
		88BE2F2516896D10585A6614 /* Release */ = {
			isa = XCBuildConfiguration;
			buildSettings = {
				ALWAYS_SEARCH_USER_PATHS = NO;
				CLANG_CXX_LANGUAGE_STANDARD = "gnu++0x";
				CLANG_CXX_LIBRARY = "libc++";
				CLANG_ENABLE_MODULES = YES;
				CLANG_ENABLE_OBJC_ARC = YES;
				CLANG_WARN_BOOL_CONVERSION = YES;
				CLANG_WARN_CONSTANT_CONVERSION = YES;
				CLANG_WARN_DIRECT_OBJC_ISA_USAGE = YES_ERROR;
				CLANG_WARN_EMPTY_BODY = YES;
				CLANG_WARN_ENUM_CONVERSION = YES;
				CLANG_WARN_INT_CONVERSION = YES;
				CLANG_WARN_OBJC_ROOT_CLASS = YES_ERROR;
				CLANG_WARN__DUPLICATE_METHOD_MATCH = YES;
				COPY_PHASE_STRIP = YES;
				ENABLE_NS_ASSERTIONS = NO;
				GCC_C_LANGUAGE_STANDARD = gnu99;
				GCC_WARN_64_TO_32_BIT_CONVERSION = YES;
				GCC_WARN_ABOUT_RETURN_TYPE = YES_ERROR;
				GCC_WARN_UNDECLARED_SELECTOR = YES;
				GCC_WARN_UNINITIALIZED_AUTOS = YES_AGGRESSIVE;
				GCC_WARN_UNUSED_FUNCTION = YES;
				GCC_WARN_UNUSED_VARIABLE = YES;
				IPHONEOS_DEPLOYMENT_TARGET = 7.1;
				SDKROOT = iphoneos;
				VALIDATE_PRODUCT = YES;
			};
			name = Release;
		};
/* End XCBuildConfiguration section */

/* Begin XCConfigurationList section */
		88BE27E42159A6E60099EE59 /* Build configuration list for PBXProject "dm-request" */ = {
			isa = XCConfigurationList;
			buildConfigurations = (
				88BE2F2516896D10585A6614 /* Release */,
				88BE2C1DEB83C656864F59E5 /* Debug */,
			);
			defaultConfigurationIsVisible = 0;
			defaultConfigurationName = Release;
		};
		88BE29AB85D5B3CB58D9684E /* Build configuration list for PBXNativeTarget "DMRequest" */ = {
			isa = XCConfigurationList;
			buildConfigurations = (
				88BE2BCB56DAE741EE42D55B /* Release */,
				88BE22222625F5FC35FFE5BC /* Debug */,
			);
			defaultConfigurationIsVisible = 0;
			defaultConfigurationName = Release;
		};
/* End XCConfigurationList section */
	};
	rootObject = 88BE2A44B32CE1A70493035E /* Project object */;
}
